// !$*UTF8*$!
{
	archiveVersion = 1;
	classes = {
	};
	objectVersion = 50;
	objects = {

/* Begin PBXBuildFile section */
		2F6A772B241FBB2B00A7F2DD /* AppDelegate.m in Sources */ = {isa = PBXBuildFile; fileRef = 2F6A772A241FBB2B00A7F2DD /* AppDelegate.m */; };
		2F6A772E241FBB2B00A7F2DD /* SceneDelegate.m in Sources */ = {isa = PBXBuildFile; fileRef = 2F6A772D241FBB2B00A7F2DD /* SceneDelegate.m */; };
		2F6A7731241FBB2B00A7F2DD /* ViewController.m in Sources */ = {isa = PBXBuildFile; fileRef = 2F6A7730241FBB2B00A7F2DD /* ViewController.m */; };
		2F6A7734241FBB2B00A7F2DD /* Main.storyboard in Resources */ = {isa = PBXBuildFile; fileRef = 2F6A7732241FBB2B00A7F2DD /* Main.storyboard */; };
		2F6A7736241FBB2E00A7F2DD /* Assets.xcassets in Resources */ = {isa = PBXBuildFile; fileRef = 2F6A7735241FBB2E00A7F2DD /* Assets.xcassets */; };
		2F6A7739241FBB2E00A7F2DD /* LaunchScreen.storyboard in Resources */ = {isa = PBXBuildFile; fileRef = 2F6A7737241FBB2E00A7F2DD /* LaunchScreen.storyboard */; };
		2F6A773C241FBB2E00A7F2DD /* main.m in Sources */ = {isa = PBXBuildFile; fileRef = 2F6A773B241FBB2E00A7F2DD /* main.m */; };
		2FEB2BDF24208BCD0010F90E /* factorial.js in Resources */ = {isa = PBXBuildFile; fileRef = 2FEB2BDA24208BCD0010F90E /* factorial.js */; };
		2FEB2BE024208BCD0010F90E /* MyPoint.m in Sources */ = {isa = PBXBuildFile; fileRef = 2FEB2BDB24208BCD0010F90E /* MyPoint.m */; };
		2FEB2BE124208BCD0010F90E /* geometryScript.js in Resources */ = {isa = PBXBuildFile; fileRef = 2FEB2BDD24208BCD0010F90E /* geometryScript.js */; };
/* End PBXBuildFile section */

/* Begin PBXFileReference section */
		2F6A7726241FBB2B00A7F2DD /* 01-OC2JS.app */ = {isa = PBXFileReference; explicitFileType = wrapper.application; includeInIndex = 0; path = "01-OC2JS.app"; sourceTree = BUILT_PRODUCTS_DIR; };
		2F6A7729241FBB2B00A7F2DD /* AppDelegate.h */ = {isa = PBXFileReference; lastKnownFileType = sourcecode.c.h; path = AppDelegate.h; sourceTree = "<group>"; };
		2F6A772A241FBB2B00A7F2DD /* AppDelegate.m */ = {isa = PBXFileReference; lastKnownFileType = sourcecode.c.objc; path = AppDelegate.m; sourceTree = "<group>"; };
		2F6A772C241FBB2B00A7F2DD /* SceneDelegate.h */ = {isa = PBXFileReference; lastKnownFileType = sourcecode.c.h; path = SceneDelegate.h; sourceTree = "<group>"; };
		2F6A772D241FBB2B00A7F2DD /* SceneDelegate.m */ = {isa = PBXFileReference; lastKnownFileType = sourcecode.c.objc; path = SceneDelegate.m; sourceTree = "<group>"; };
		2F6A772F241FBB2B00A7F2DD /* ViewController.h */ = {isa = PBXFileReference; lastKnownFileType = sourcecode.c.h; path = ViewController.h; sourceTree = "<group>"; };
		2F6A7730241FBB2B00A7F2DD /* ViewController.m */ = {isa = PBXFileReference; lastKnownFileType = sourcecode.c.objc; path = ViewController.m; sourceTree = "<group>"; };
		2F6A7733241FBB2B00A7F2DD /* Base */ = {isa = PBXFileReference; lastKnownFileType = file.storyboard; name = Base; path = Base.lproj/Main.storyboard; sourceTree = "<group>"; };
		2F6A7735241FBB2E00A7F2DD /* Assets.xcassets */ = {isa = PBXFileReference; lastKnownFileType = folder.assetcatalog; path = Assets.xcassets; sourceTree = "<group>"; };
		2F6A7738241FBB2E00A7F2DD /* Base */ = {isa = PBXFileReference; lastKnownFileType = file.storyboard; name = Base; path = Base.lproj/LaunchScreen.storyboard; sourceTree = "<group>"; };
		2F6A773A241FBB2E00A7F2DD /* Info.plist */ = {isa = PBXFileReference; lastKnownFileType = text.plist.xml; path = Info.plist; sourceTree = "<group>"; };
		2F6A773B241FBB2E00A7F2DD /* main.m */ = {isa = PBXFileReference; lastKnownFileType = sourcecode.c.objc; path = main.m; sourceTree = "<group>"; };
		2FEB2BDA24208BCD0010F90E /* factorial.js */ = {isa = PBXFileReference; fileEncoding = 4; lastKnownFileType = sourcecode.javascript; path = factorial.js; sourceTree = "<group>"; };
		2FEB2BDB24208BCD0010F90E /* MyPoint.m */ = {isa = PBXFileReference; fileEncoding = 4; lastKnownFileType = sourcecode.c.objc; path = MyPoint.m; sourceTree = "<group>"; };
		2FEB2BDC24208BCD0010F90E /* MyPoint.h */ = {isa = PBXFileReference; fileEncoding = 4; lastKnownFileType = sourcecode.c.h; path = MyPoint.h; sourceTree = "<group>"; };
		2FEB2BDD24208BCD0010F90E /* geometryScript.js */ = {isa = PBXFileReference; fileEncoding = 4; lastKnownFileType = sourcecode.javascript; path = geometryScript.js; sourceTree = "<group>"; };
		2FEB2BDE24208BCD0010F90E /* MypointExports.h */ = {isa = PBXFileReference; fileEncoding = 4; lastKnownFileType = sourcecode.c.h; path = MypointExports.h; sourceTree = "<group>"; };
/* End PBXFileReference section */

/* Begin PBXFrameworksBuildPhase section */
		2F6A7723241FBB2B00A7F2DD /* Frameworks */ = {
			isa = PBXFrameworksBuildPhase;
			buildActionMask = 2147483647;
			files = (
			);
			runOnlyForDeploymentPostprocessing = 0;
		};
/* End PBXFrameworksBuildPhase section */

/* Begin PBXGroup section */
		2F6A771D241FBB2B00A7F2DD = {
			isa = PBXGroup;
			children = (
				2F6A7728241FBB2B00A7F2DD /* 01-OC2JS */,
				2F6A7727241FBB2B00A7F2DD /* Products */,
			);
			sourceTree = "<group>";
		};
		2F6A7727241FBB2B00A7F2DD /* Products */ = {
			isa = PBXGroup;
			children = (
				2F6A7726241FBB2B00A7F2DD /* 01-OC2JS.app */,
			);
			name = Products;
			sourceTree = "<group>";
		};
		2F6A7728241FBB2B00A7F2DD /* 01-OC2JS */ = {
			isa = PBXGroup;
			children = (
				2FEB2BD924208BA10010F90E /* test */,
				2F6A7729241FBB2B00A7F2DD /* AppDelegate.h */,
				2F6A772A241FBB2B00A7F2DD /* AppDelegate.m */,
				2F6A772C241FBB2B00A7F2DD /* SceneDelegate.h */,
				2F6A772D241FBB2B00A7F2DD /* SceneDelegate.m */,
				2F6A772F241FBB2B00A7F2DD /* ViewController.h */,
				2F6A7730241FBB2B00A7F2DD /* ViewController.m */,
				2F6A7732241FBB2B00A7F2DD /* Main.storyboard */,
				2F6A7735241FBB2E00A7F2DD /* Assets.xcassets */,
				2F6A7737241FBB2E00A7F2DD /* LaunchScreen.storyboard */,
				2F6A773A241FBB2E00A7F2DD /* Info.plist */,
				2F6A773B241FBB2E00A7F2DD /* main.m */,
			);
			path = "01-OC2JS";
			sourceTree = "<group>";
		};
		2FEB2BD924208BA10010F90E /* test */ = {
			isa = PBXGroup;
			children = (
				2FEB2BDA24208BCD0010F90E /* factorial.js */,
				2FEB2BDD24208BCD0010F90E /* geometryScript.js */,
				2FEB2BDE24208BCD0010F90E /* MypointExports.h */,
				2FEB2BDC24208BCD0010F90E /* MyPoint.h */,
				2FEB2BDB24208BCD0010F90E /* MyPoint.m */,
			);
			path = test;
			sourceTree = "<group>";
		};
/* End PBXGroup section */

/* Begin PBXNativeTarget section */
		2F6A7725241FBB2B00A7F2DD /* 01-OC2JS */ = {
			isa = PBXNativeTarget;
			buildConfigurationList = 2F6A773F241FBB2E00A7F2DD /* Build configuration list for PBXNativeTarget "01-OC2JS" */;
			buildPhases = (
				2F6A7722241FBB2B00A7F2DD /* Sources */,
				2F6A7723241FBB2B00A7F2DD /* Frameworks */,
				2F6A7724241FBB2B00A7F2DD /* Resources */,
			);
			buildRules = (
			);
			dependencies = (
			);
			name = "01-OC2JS";
			productName = "01-OC2JS";
			productReference = 2F6A7726241FBB2B00A7F2DD /* 01-OC2JS.app */;
			productType = "com.apple.product-type.application";
		};
/* End PBXNativeTarget section */

/* Begin PBXProject section */
		2F6A771E241FBB2B00A7F2DD /* Project object */ = {
			isa = PBXProject;
			attributes = {
				LastUpgradeCheck = 1130;
				ORGANIZATIONNAME = yangrui;
				TargetAttributes = {
					2F6A7725241FBB2B00A7F2DD = {
						CreatedOnToolsVersion = 11.3.1;
					};
				};
			};
			buildConfigurationList = 2F6A7721241FBB2B00A7F2DD /* Build configuration list for PBXProject "01-OC2JS" */;
			compatibilityVersion = "Xcode 9.3";
			developmentRegion = en;
			hasScannedForEncodings = 0;
			knownRegions = (
				en,
				Base,
			);
			mainGroup = 2F6A771D241FBB2B00A7F2DD;
			productRefGroup = 2F6A7727241FBB2B00A7F2DD /* Products */;
			projectDirPath = "";
			projectRoot = "";
			targets = (
				2F6A7725241FBB2B00A7F2DD /* 01-OC2JS */,
			);
		};
/* End PBXProject section */

/* Begin PBXResourcesBuildPhase section */
		2F6A7724241FBB2B00A7F2DD /* Resources */ = {
			isa = PBXResourcesBuildPhase;
			buildActionMask = 2147483647;
			files = (
				2FEB2BDF24208BCD0010F90E /* factorial.js in Resources */,
				2FEB2BE124208BCD0010F90E /* geometryScript.js in Resources */,
				2F6A7739241FBB2E00A7F2DD /* LaunchScreen.storyboard in Resources */,
				2F6A7736241FBB2E00A7F2DD /* Assets.xcassets in Resources */,
				2F6A7734241FBB2B00A7F2DD /* Main.storyboard in Resources */,
			);
			runOnlyForDeploymentPostprocessing = 0;
		};
/* End PBXResourcesBuildPhase section */

/* Begin PBXSourcesBuildPhase section */
		2F6A7722241FBB2B00A7F2DD /* Sources */ = {
			isa = PBXSourcesBuildPhase;
			buildActionMask = 2147483647;
			files = (
				2F6A7731241FBB2B00A7F2DD /* ViewController.m in Sources */,
				2F6A772B241FBB2B00A7F2DD /* AppDelegate.m in Sources */,
				2F6A773C241FBB2E00A7F2DD /* main.m in Sources */,
				2FEB2BE024208BCD0010F90E /* MyPoint.m in Sources */,
				2F6A772E241FBB2B00A7F2DD /* SceneDelegate.m in Sources */,
			);
			runOnlyForDeploymentPostprocessing = 0;
		};
/* End PBXSourcesBuildPhase section */

/* Begin PBXVariantGroup section */
		2F6A7732241FBB2B00A7F2DD /* Main.storyboard */ = {
			isa = PBXVariantGroup;
			children = (
				2F6A7733241FBB2B00A7F2DD /* Base */,
			);
			name = Main.storyboard;
			sourceTree = "<group>";
		};
		2F6A7737241FBB2E00A7F2DD /* LaunchScreen.storyboard */ = {
			isa = PBXVariantGroup;
			children = (
				2F6A7738241FBB2E00A7F2DD /* Base */,
			);
			name = LaunchScreen.storyboard;
			sourceTree = "<group>";
		};
/* End PBXVariantGroup section */

/* Begin XCBuildConfiguration section */
		2F6A773D241FBB2E00A7F2DD /* Debug */ = {
			isa = XCBuildConfiguration;
			buildSettings = {
				ALWAYS_SEARCH_USER_PATHS = NO;
				CLANG_ANALYZER_NONNULL = YES;
				CLANG_ANALYZER_NUMBER_OBJECT_CONVERSION = YES_AGGRESSIVE;
				CLANG_CXX_LANGUAGE_STANDARD = "gnu++14";
				CLANG_CXX_LIBRARY = "libc++";
				CLANG_ENABLE_MODULES = YES;
				CLANG_ENABLE_OBJC_ARC = YES;
				CLANG_ENABLE_OBJC_WEAK = YES;
				CLANG_WARN_BLOCK_CAPTURE_AUTORELEASING = YES;
				CLANG_WARN_BOOL_CONVERSION = YES;
				CLANG_WARN_COMMA = YES;
				CLANG_WARN_CONSTANT_CONVERSION = YES;
				CLANG_WARN_DEPRECATED_OBJC_IMPLEMENTATIONS = YES;
				CLANG_WARN_DIRECT_OBJC_ISA_USAGE = YES_ERROR;
				CLANG_WARN_DOCUMENTATION_COMMENTS = YES;
				CLANG_WARN_EMPTY_BODY = YES;
				CLANG_WARN_ENUM_CONVERSION = YES;
				CLANG_WARN_INFINITE_RECURSION = YES;
				CLANG_WARN_INT_CONVERSION = YES;
				CLANG_WARN_NON_LITERAL_NULL_CONVERSION = YES;
				CLANG_WARN_OBJC_IMPLICIT_RETAIN_SELF = YES;
				CLANG_WARN_OBJC_LITERAL_CONVERSION = YES;
				CLANG_WARN_OBJC_ROOT_CLASS = YES_ERROR;
				CLANG_WARN_RANGE_LOOP_ANALYSIS = YES;
				CLANG_WARN_STRICT_PROTOTYPES = YES;
				CLANG_WARN_SUSPICIOUS_MOVE = YES;
				CLANG_WARN_UNGUARDED_AVAILABILITY = YES_AGGRESSIVE;
				CLANG_WARN_UNREACHABLE_CODE = YES;
				CLANG_WARN__DUPLICATE_METHOD_MATCH = YES;
				COPY_PHASE_STRIP = NO;
				DEBUG_INFORMATION_FORMAT = dwarf;
				ENABLE_STRICT_OBJC_MSGSEND = YES;
				ENABLE_TESTABILITY = YES;
				GCC_C_LANGUAGE_STANDARD = gnu11;
				GCC_DYNAMIC_NO_PIC = NO;
				GCC_NO_COMMON_BLOCKS = YES;
				GCC_OPTIMIZATION_LEVEL = 0;
				GCC_PREPROCESSOR_DEFINITIONS = (
					"DEBUG=1",
					"$(inherited)",
				);
				GCC_WARN_64_TO_32_BIT_CONVERSION = YES;
				GCC_WARN_ABOUT_RETURN_TYPE = YES_ERROR;
				GCC_WARN_UNDECLARED_SELECTOR = YES;
				GCC_WARN_UNINITIALIZED_AUTOS = YES_AGGRESSIVE;
				GCC_WARN_UNUSED_FUNCTION = YES;
				GCC_WARN_UNUSED_VARIABLE = YES;
				IPHONEOS_DEPLOYMENT_TARGET = 13.2;
				MTL_ENABLE_DEBUG_INFO = INCLUDE_SOURCE;
				MTL_FAST_MATH = YES;
				ONLY_ACTIVE_ARCH = YES;
				SDKROOT = iphoneos;
			};
			name = Debug;
		};
		2F6A773E241FBB2E00A7F2DD /* Release */ = {
			isa = XCBuildConfiguration;
			buildSettings = {
				ALWAYS_SEARCH_USER_PATHS = NO;
				CLANG_ANALYZER_NONNULL = YES;
				CLANG_ANALYZER_NUMBER_OBJECT_CONVERSION = YES_AGGRESSIVE;
				CLANG_CXX_LANGUAGE_STANDARD = "gnu++14";
				CLANG_CXX_LIBRARY = "libc++";
				CLANG_ENABLE_MODULES = YES;
				CLANG_ENABLE_OBJC_ARC = YES;
				CLANG_ENABLE_OBJC_WEAK = YES;
				CLANG_WARN_BLOCK_CAPTURE_AUTORELEASING = YES;
				CLANG_WARN_BOOL_CONVERSION = YES;
				CLANG_WARN_COMMA = YES;
				CLANG_WARN_CONSTANT_CONVERSION = YES;
				CLANG_WARN_DEPRECATED_OBJC_IMPLEMENTATIONS = YES;
				CLANG_WARN_DIRECT_OBJC_ISA_USAGE = YES_ERROR;
				CLANG_WARN_DOCUMENTATION_COMMENTS = YES;
				CLANG_WARN_EMPTY_BODY = YES;
				CLANG_WARN_ENUM_CONVERSION = YES;
				CLANG_WARN_INFINITE_RECURSION = YES;
				CLANG_WARN_INT_CONVERSION = YES;
				CLANG_WARN_NON_LITERAL_NULL_CONVERSION = YES;
				CLANG_WARN_OBJC_IMPLICIT_RETAIN_SELF = YES;
				CLANG_WARN_OBJC_LITERAL_CONVERSION = YES;
				CLANG_WARN_OBJC_ROOT_CLASS = YES_ERROR;
				CLANG_WARN_RANGE_LOOP_ANALYSIS = YES;
				CLANG_WARN_STRICT_PROTOTYPES = YES;
				CLANG_WARN_SUSPICIOUS_MOVE = YES;
				CLANG_WARN_UNGUARDED_AVAILABILITY = YES_AGGRESSIVE;
				CLANG_WARN_UNREACHABLE_CODE = YES;
				CLANG_WARN__DUPLICATE_METHOD_MATCH = YES;
				COPY_PHASE_STRIP = NO;
				DEBUG_INFORMATION_FORMAT = "dwarf-with-dsym";
				ENABLE_NS_ASSERTIONS = NO;
				ENABLE_STRICT_OBJC_MSGSEND = YES;
				GCC_C_LANGUAGE_STANDARD = gnu11;
				GCC_NO_COMMON_BLOCKS = YES;
				GCC_WARN_64_TO_32_BIT_CONVERSION = YES;
				GCC_WARN_ABOUT_RETURN_TYPE = YES_ERROR;
				GCC_WARN_UNDECLARED_SELECTOR = YES;
				GCC_WARN_UNINITIALIZED_AUTOS = YES_AGGRESSIVE;
				GCC_WARN_UNUSED_FUNCTION = YES;
				GCC_WARN_UNUSED_VARIABLE = YES;
				IPHONEOS_DEPLOYMENT_TARGET = 13.2;
				MTL_ENABLE_DEBUG_INFO = NO;
				MTL_FAST_MATH = YES;
				SDKROOT = iphoneos;
				VALIDATE_PRODUCT = YES;
			};
			name = Release;
		};
		2F6A7740241FBB2E00A7F2DD /* Debug */ = {
			isa = XCBuildConfiguration;
			buildSettings = {
				ASSETCATALOG_COMPILER_APPICON_NAME = AppIcon;
				CODE_SIGN_STYLE = Automatic;
				INFOPLIST_FILE = "01-OC2JS/Info.plist";
				LD_RUNPATH_SEARCH_PATHS = (
					"$(inherited)",
					"@executable_path/Frameworks",
				);
				PRODUCT_BUNDLE_IDENTIFIER = "yr.-1-OC2JS";
				PRODUCT_NAME = "$(TARGET_NAME)";
				TARGETED_DEVICE_FAMILY = "1,2";
			};
			name = Debug;
		};
		2F6A7741241FBB2E00A7F2DD /* Release */ = {
			isa = XCBuildConfiguration;
			buildSettings = {
				ASSETCATALOG_COMPILER_APPICON_NAME = AppIcon;
				CODE_SIGN_STYLE = Automatic;
				INFOPLIST_FILE = "01-OC2JS/Info.plist";
				LD_RUNPATH_SEARCH_PATHS = (
					"$(inherited)",
					"@executable_path/Frameworks",
				);
				PRODUCT_BUNDLE_IDENTIFIER = "yr.-1-OC2JS";
				PRODUCT_NAME = "$(TARGET_NAME)";
				TARGETED_DEVICE_FAMILY = "1,2";
			};
			name = Release;
		};
/* End XCBuildConfiguration section */

/* Begin XCConfigurationList section */
		2F6A7721241FBB2B00A7F2DD /* Build configuration list for PBXProject "01-OC2JS" */ = {
			isa = XCConfigurationList;
			buildConfigurations = (
				2F6A773D241FBB2E00A7F2DD /* Debug */,
				2F6A773E241FBB2E00A7F2DD /* Release */,
			);
			defaultConfigurationIsVisible = 0;
			defaultConfigurationName = Release;
		};
		2F6A773F241FBB2E00A7F2DD /* Build configuration list for PBXNativeTarget "01-OC2JS" */ = {
			isa = XCConfigurationList;
			buildConfigurations = (
				2F6A7740241FBB2E00A7F2DD /* Debug */,
				2F6A7741241FBB2E00A7F2DD /* Release */,
			);
			defaultConfigurationIsVisible = 0;
			defaultConfigurationName = Release;
		};
/* End XCConfigurationList section */
	};
	rootObject = 2F6A771E241FBB2B00A7F2DD /* Project object */;
}
